
Microsoft Visual Studio Solution File, Format Version 12.00
# Visual Studio Version 16
VisualStudioVersion = 16.0.31729.503
MinimumVisualStudioVersion = 10.0.40219.1
Project("{FAE04EC0-301F-11D3-BF4B-00C04F79EFBC}") = "Projeto Integrador", "Projeto Integrador\Projeto Integrador.csproj", "{BF8A2E2E-3159-4D11-AB38-93A8E7146F1E}"
EndProject
Global
	GlobalSection(SolutionConfigurationPlatforms) = preSolution
		Debug|Any CPU = Debug|Any CPU
		Release|Any CPU = Release|Any CPU
	EndGlobalSection
	GlobalSection(ProjectConfigurationPlatforms) = postSolution
		{BF8A2E2E-3159-4D11-AB38-93A8E7146F1E}.Debug|Any CPU.ActiveCfg = Debug|Any CPU
		{BF8A2E2E-3159-4D11-AB38-93A8E7146F1E}.Debug|Any CPU.Build.0 = Debug|Any CPU
		{BF8A2E2E-3159-4D11-AB38-93A8E7146F1E}.Release|Any CPU.ActiveCfg = Release|Any CPU
		{BF8A2E2E-3159-4D11-AB38-93A8E7146F1E}.Release|Any CPU.Build.0 = Release|Any CPU
	EndGlobalSection
	GlobalSection(SolutionProperties) = preSolution
		HideSolutionNode = FALSE
	EndGlobalSection
	GlobalSection(ExtensibilityGlobals) = postSolution
		SolutionGuid = {0B291652-C8F6-4D1E-826B-611EAD32C6CE}
	EndGlobalSection
EndGlobal
